
Microsoft Visual Studio Solution File, Format Version 12.00
# Visual Studio Version 17
VisualStudioVersion = 17.7.34003.232
MinimumVisualStudioVersion = 10.0.40219.1
Project("{888888A0-9F3D-457C-B088-3A5042F75D52}") = "lesson1", "lesson1.pyproj", "{0EE3175A-07CB-4C19-B602-3ABA95E915DE}"
EndProject
Global
	GlobalSection(SolutionConfigurationPlatforms) = preSolution
		Debug|Any CPU = Debug|Any CPU
		Release|Any CPU = Release|Any CPU
	EndGlobalSection
	GlobalSection(ProjectConfigurationPlatforms) = postSolution
		{0EE3175A-07CB-4C19-B602-3ABA95E915DE}.Debug|Any CPU.ActiveCfg = Debug|Any CPU
		{0EE3175A-07CB-4C19-B602-3ABA95E915DE}.Release|Any CPU.ActiveCfg = Release|Any CPU
	EndGlobalSection
	GlobalSection(SolutionProperties) = preSolution
		HideSolutionNode = FALSE
	EndGlobalSection
	GlobalSection(ExtensibilityGlobals) = postSolution
		SolutionGuid = {75378CFC-90E4-416B-AA9B-583F509F1C9D}
	EndGlobalSection
EndGlobal
